// !$*UTF8*$!
{
	archiveVersion = 1;
	classes = {
	};
	objectVersion = 46;
	objects = {

/* Begin PBXBuildFile section */
		F824A5671995A97E00A51074 /* bgImg.png in Resources */ = {isa = PBXBuildFile; fileRef = F824A5611995A97E00A51074 /* bgImg.png */; };
		F824A5681995A97E00A51074 /* bgImg@2x.png in Resources */ = {isa = PBXBuildFile; fileRef = F824A5621995A97E00A51074 /* bgImg@2x.png */; };
		F824A5691995A97E00A51074 /* Default-568h.png in Resources */ = {isa = PBXBuildFile; fileRef = F824A5631995A97E00A51074 /* Default-568h.png */; };
		F824A56A1995A97E00A51074 /* Default-568h@2x.png in Resources */ = {isa = PBXBuildFile; fileRef = F824A5641995A97E00A51074 /* Default-568h@2x.png */; };
		F824A56B1995A97E00A51074 /* nav_menu.png in Resources */ = {isa = PBXBuildFile; fileRef = F824A5651995A97E00A51074 /* nav_menu.png */; };
		F824A56C1995A97E00A51074 /* nav_menu@2x.png in Resources */ = {isa = PBXBuildFile; fileRef = F824A5661995A97E00A51074 /* nav_menu@2x.png */; };
		F824A56F1995B15B00A51074 /* LeftMenu.swift in Sources */ = {isa = PBXBuildFile; fileRef = F824A56E1995B15B00A51074 /* LeftMenu.swift */; };
		F824A5711995B16C00A51074 /* RightMenu.swift in Sources */ = {isa = PBXBuildFile; fileRef = F824A5701995B16C00A51074 /* RightMenu.swift */; };
		F824A5741995B27500A51074 /* MainViewController.swift in Sources */ = {isa = PBXBuildFile; fileRef = F824A5731995B27500A51074 /* MainViewController.swift */; };
		F824A5761995B28800A51074 /* DetailViewController.swift in Sources */ = {isa = PBXBuildFile; fileRef = F824A5751995B28800A51074 /* DetailViewController.swift */; };
		F8F6123C19937CBE0062869E /* AppDelegate.swift in Sources */ = {isa = PBXBuildFile; fileRef = F8F6123B19937CBE0062869E /* AppDelegate.swift */; };
		F8F6123E19937CBE0062869E /* ViewController.swift in Sources */ = {isa = PBXBuildFile; fileRef = F8F6123D19937CBE0062869E /* ViewController.swift */; };
		F8F6124119937CBE0062869E /* Main.storyboard in Resources */ = {isa = PBXBuildFile; fileRef = F8F6123F19937CBE0062869E /* Main.storyboard */; };
		F8F6124319937CBE0062869E /* Images.xcassets in Resources */ = {isa = PBXBuildFile; fileRef = F8F6124219937CBE0062869E /* Images.xcassets */; };
		F8F6124F19937CBE0062869E /* XXMenuBySwiftDemoTests.swift in Sources */ = {isa = PBXBuildFile; fileRef = F8F6124E19937CBE0062869E /* XXMenuBySwiftDemoTests.swift */; };
/* End PBXBuildFile section */

/* Begin PBXContainerItemProxy section */
		F8F6124919937CBE0062869E /* PBXContainerItemProxy */ = {
			isa = PBXContainerItemProxy;
			containerPortal = F8F6122E19937CBD0062869E /* Project object */;
			proxyType = 1;
			remoteGlobalIDString = F8F6123519937CBE0062869E;
			remoteInfo = XXMenuBySwiftDemo;
		};
/* End PBXContainerItemProxy section */

/* Begin PBXFileReference section */
		F824A5611995A97E00A51074 /* bgImg.png */ = {isa = PBXFileReference; lastKnownFileType = image.png; path = bgImg.png; sourceTree = "<group>"; };
		F824A5621995A97E00A51074 /* bgImg@2x.png */ = {isa = PBXFileReference; lastKnownFileType = image.png; path = "bgImg@2x.png"; sourceTree = "<group>"; };
		F824A5631995A97E00A51074 /* Default-568h.png */ = {isa = PBXFileReference; lastKnownFileType = image.png; path = "Default-568h.png"; sourceTree = "<group>"; };
		F824A5641995A97E00A51074 /* Default-568h@2x.png */ = {isa = PBXFileReference; lastKnownFileType = image.png; path = "Default-568h@2x.png"; sourceTree = "<group>"; };
		F824A5651995A97E00A51074 /* nav_menu.png */ = {isa = PBXFileReference; lastKnownFileType = image.png; path = nav_menu.png; sourceTree = "<group>"; };
		F824A5661995A97E00A51074 /* nav_menu@2x.png */ = {isa = PBXFileReference; lastKnownFileType = image.png; path = "nav_menu@2x.png"; sourceTree = "<group>"; };
		F824A56E1995B15B00A51074 /* LeftMenu.swift */ = {isa = PBXFileReference; fileEncoding = 4; lastKnownFileType = sourcecode.swift; path = LeftMenu.swift; sourceTree = "<group>"; };
		F824A5701995B16C00A51074 /* RightMenu.swift */ = {isa = PBXFileReference; fileEncoding = 4; lastKnownFileType = sourcecode.swift; path = RightMenu.swift; sourceTree = "<group>"; };
		F824A5731995B27500A51074 /* MainViewController.swift */ = {isa = PBXFileReference; fileEncoding = 4; lastKnownFileType = sourcecode.swift; path = MainViewController.swift; sourceTree = "<group>"; };
		F824A5751995B28800A51074 /* DetailViewController.swift */ = {isa = PBXFileReference; fileEncoding = 4; lastKnownFileType = sourcecode.swift; path = DetailViewController.swift; sourceTree = "<group>"; };
		F8F6123619937CBE0062869E /* XXMenuBySwiftDemo.app */ = {isa = PBXFileReference; explicitFileType = wrapper.application; includeInIndex = 0; path = XXMenuBySwiftDemo.app; sourceTree = BUILT_PRODUCTS_DIR; };
		F8F6123A19937CBE0062869E /* Info.plist */ = {isa = PBXFileReference; lastKnownFileType = text.plist.xml; path = Info.plist; sourceTree = "<group>"; };
		F8F6123B19937CBE0062869E /* AppDelegate.swift */ = {isa = PBXFileReference; lastKnownFileType = sourcecode.swift; path = AppDelegate.swift; sourceTree = "<group>"; };
		F8F6123D19937CBE0062869E /* ViewController.swift */ = {isa = PBXFileReference; lastKnownFileType = sourcecode.swift; path = ViewController.swift; sourceTree = "<group>"; };
		F8F6124019937CBE0062869E /* Base */ = {isa = PBXFileReference; lastKnownFileType = file.storyboard; name = Base; path = Base.lproj/Main.storyboard; sourceTree = "<group>"; };
		F8F6124219937CBE0062869E /* Images.xcassets */ = {isa = PBXFileReference; lastKnownFileType = folder.assetcatalog; path = Images.xcassets; sourceTree = "<group>"; };
		F8F6124819937CBE0062869E /* XXMenuBySwiftDemoTests.xctest */ = {isa = PBXFileReference; explicitFileType = wrapper.cfbundle; includeInIndex = 0; path = XXMenuBySwiftDemoTests.xctest; sourceTree = BUILT_PRODUCTS_DIR; };
		F8F6124D19937CBE0062869E /* Info.plist */ = {isa = PBXFileReference; lastKnownFileType = text.plist.xml; path = Info.plist; sourceTree = "<group>"; };
		F8F6124E19937CBE0062869E /* XXMenuBySwiftDemoTests.swift */ = {isa = PBXFileReference; lastKnownFileType = sourcecode.swift; path = XXMenuBySwiftDemoTests.swift; sourceTree = "<group>"; };
/* End PBXFileReference section */

/* Begin PBXFrameworksBuildPhase section */
		F8F6123319937CBE0062869E /* Frameworks */ = {
			isa = PBXFrameworksBuildPhase;
			buildActionMask = 2147483647;
			files = (
			);
			runOnlyForDeploymentPostprocessing = 0;
		};
		F8F6124519937CBE0062869E /* Frameworks */ = {
			isa = PBXFrameworksBuildPhase;
			buildActionMask = 2147483647;
			files = (
			);
			runOnlyForDeploymentPostprocessing = 0;
		};
/* End PBXFrameworksBuildPhase section */

/* Begin PBXGroup section */
		F824A5601995A97E00A51074 /* images */ = {
			isa = PBXGroup;
			children = (
				F824A5611995A97E00A51074 /* bgImg.png */,
				F824A5621995A97E00A51074 /* bgImg@2x.png */,
				F824A5631995A97E00A51074 /* Default-568h.png */,
				F824A5641995A97E00A51074 /* Default-568h@2x.png */,
				F824A5651995A97E00A51074 /* nav_menu.png */,
				F824A5661995A97E00A51074 /* nav_menu@2x.png */,
			);
			path = images;
			sourceTree = "<group>";
		};
		F824A56D1995B14000A51074 /* MenuFile */ = {
			isa = PBXGroup;
			children = (
				F824A56E1995B15B00A51074 /* LeftMenu.swift */,
				F824A5701995B16C00A51074 /* RightMenu.swift */,
			);
			name = MenuFile;
			sourceTree = "<group>";
		};
		F824A5721995B1E700A51074 /* MainViewController */ = {
			isa = PBXGroup;
			children = (
				F824A5731995B27500A51074 /* MainViewController.swift */,
				F824A5751995B28800A51074 /* DetailViewController.swift */,
			);
			name = MainViewController;
			sourceTree = "<group>";
		};
		F8F6122D19937CBD0062869E = {
			isa = PBXGroup;
			children = (
				F8F6123819937CBE0062869E /* XXMenuBySwiftDemo */,
				F8F6124B19937CBE0062869E /* XXMenuBySwiftDemoTests */,
				F8F6123719937CBE0062869E /* Products */,
			);
			sourceTree = "<group>";
		};
		F8F6123719937CBE0062869E /* Products */ = {
			isa = PBXGroup;
			children = (
				F8F6123619937CBE0062869E /* XXMenuBySwiftDemo.app */,
				F8F6124819937CBE0062869E /* XXMenuBySwiftDemoTests.xctest */,
			);
			name = Products;
			sourceTree = "<group>";
		};
		F8F6123819937CBE0062869E /* XXMenuBySwiftDemo */ = {
			isa = PBXGroup;
			children = (
				F824A5721995B1E700A51074 /* MainViewController */,
				F824A56D1995B14000A51074 /* MenuFile */,
				F824A5601995A97E00A51074 /* images */,
				F8F6123B19937CBE0062869E /* AppDelegate.swift */,
				F8F6123D19937CBE0062869E /* ViewController.swift */,
				F8F6123F19937CBE0062869E /* Main.storyboard */,
				F8F6124219937CBE0062869E /* Images.xcassets */,
				F8F6123919937CBE0062869E /* Supporting Files */,
			);
			path = XXMenuBySwiftDemo;
			sourceTree = "<group>";
		};
		F8F6123919937CBE0062869E /* Supporting Files */ = {
			isa = PBXGroup;
			children = (
				F8F6123A19937CBE0062869E /* Info.plist */,
			);
			name = "Supporting Files";
			sourceTree = "<group>";
		};
		F8F6124B19937CBE0062869E /* XXMenuBySwiftDemoTests */ = {
			isa = PBXGroup;
			children = (
				F8F6124E19937CBE0062869E /* XXMenuBySwiftDemoTests.swift */,
				F8F6124C19937CBE0062869E /* Supporting Files */,
			);
			path = XXMenuBySwiftDemoTests;
			sourceTree = "<group>";
		};
		F8F6124C19937CBE0062869E /* Supporting Files */ = {
			isa = PBXGroup;
			children = (
				F8F6124D19937CBE0062869E /* Info.plist */,
			);
			name = "Supporting Files";
			sourceTree = "<group>";
		};
/* End PBXGroup section */

/* Begin PBXNativeTarget section */
		F8F6123519937CBE0062869E /* XXMenuBySwiftDemo */ = {
			isa = PBXNativeTarget;
			buildConfigurationList = F8F6125219937CBE0062869E /* Build configuration list for PBXNativeTarget "XXMenuBySwiftDemo" */;
			buildPhases = (
				F8F6123219937CBE0062869E /* Sources */,
				F8F6123319937CBE0062869E /* Frameworks */,
				F8F6123419937CBE0062869E /* Resources */,
			);
			buildRules = (
			);
			dependencies = (
			);
			name = XXMenuBySwiftDemo;
			productName = XXMenuBySwiftDemo;
			productReference = F8F6123619937CBE0062869E /* XXMenuBySwiftDemo.app */;
			productType = "com.apple.product-type.application";
		};
		F8F6124719937CBE0062869E /* XXMenuBySwiftDemoTests */ = {
			isa = PBXNativeTarget;
			buildConfigurationList = F8F6125519937CBE0062869E /* Build configuration list for PBXNativeTarget "XXMenuBySwiftDemoTests" */;
			buildPhases = (
				F8F6124419937CBE0062869E /* Sources */,
				F8F6124519937CBE0062869E /* Frameworks */,
				F8F6124619937CBE0062869E /* Resources */,
			);
			buildRules = (
			);
			dependencies = (
				F8F6124A19937CBE0062869E /* PBXTargetDependency */,
			);
			name = XXMenuBySwiftDemoTests;
			productName = XXMenuBySwiftDemoTests;
			productReference = F8F6124819937CBE0062869E /* XXMenuBySwiftDemoTests.xctest */;
			productType = "com.apple.product-type.bundle.unit-test";
		};
/* End PBXNativeTarget section */

/* Begin PBXProject section */
		F8F6122E19937CBD0062869E /* Project object */ = {
			isa = PBXProject;
			attributes = {
				LastUpgradeCheck = 0600;
				ORGANIZATIONNAME = xiazer;
				TargetAttributes = {
					F8F6123519937CBE0062869E = {
						CreatedOnToolsVersion = 6.0;
					};
					F8F6124719937CBE0062869E = {
						CreatedOnToolsVersion = 6.0;
						TestTargetID = F8F6123519937CBE0062869E;
					};
				};
			};
			buildConfigurationList = F8F6123119937CBD0062869E /* Build configuration list for PBXProject "XXMenuBySwiftDemo" */;
			compatibilityVersion = "Xcode 3.2";
			developmentRegion = English;
			hasScannedForEncodings = 0;
			knownRegions = (
				en,
				Base,
			);
			mainGroup = F8F6122D19937CBD0062869E;
			productRefGroup = F8F6123719937CBE0062869E /* Products */;
			projectDirPath = "";
			projectRoot = "";
			targets = (
				F8F6123519937CBE0062869E /* XXMenuBySwiftDemo */,
				F8F6124719937CBE0062869E /* XXMenuBySwiftDemoTests */,
			);
		};
/* End PBXProject section */

/* Begin PBXResourcesBuildPhase section */
		F8F6123419937CBE0062869E /* Resources */ = {
			isa = PBXResourcesBuildPhase;
			buildActionMask = 2147483647;
			files = (
				F824A5691995A97E00A51074 /* Default-568h.png in Resources */,
				F824A5671995A97E00A51074 /* bgImg.png in Resources */,
				F8F6124119937CBE0062869E /* Main.storyboard in Resources */,
				F8F6124319937CBE0062869E /* Images.xcassets in Resources */,
				F824A56B1995A97E00A51074 /* nav_menu.png in Resources */,
				F824A56C1995A97E00A51074 /* nav_menu@2x.png in Resources */,
				F824A5681995A97E00A51074 /* bgImg@2x.png in Resources */,
				F824A56A1995A97E00A51074 /* Default-568h@2x.png in Resources */,
			);
			runOnlyForDeploymentPostprocessing = 0;
		};
		F8F6124619937CBE0062869E /* Resources */ = {
			isa = PBXResourcesBuildPhase;
			buildActionMask = 2147483647;
			files = (
			);
			runOnlyForDeploymentPostprocessing = 0;
		};
/* End PBXResourcesBuildPhase section */

/* Begin PBXSourcesBuildPhase section */
		F8F6123219937CBE0062869E /* Sources */ = {
			isa = PBXSourcesBuildPhase;
			buildActionMask = 2147483647;
			files = (
				F8F6123E19937CBE0062869E /* ViewController.swift in Sources */,
				F824A5711995B16C00A51074 /* RightMenu.swift in Sources */,
				F8F6123C19937CBE0062869E /* AppDelegate.swift in Sources */,
				F824A5761995B28800A51074 /* DetailViewController.swift in Sources */,
				F824A56F1995B15B00A51074 /* LeftMenu.swift in Sources */,
				F824A5741995B27500A51074 /* MainViewController.swift in Sources */,
			);
			runOnlyForDeploymentPostprocessing = 0;
		};
		F8F6124419937CBE0062869E /* Sources */ = {
			isa = PBXSourcesBuildPhase;
			buildActionMask = 2147483647;
			files = (
				F8F6124F19937CBE0062869E /* XXMenuBySwiftDemoTests.swift in Sources */,
			);
			runOnlyForDeploymentPostprocessing = 0;
		};
/* End PBXSourcesBuildPhase section */

/* Begin PBXTargetDependency section */
		F8F6124A19937CBE0062869E /* PBXTargetDependency */ = {
			isa = PBXTargetDependency;
			target = F8F6123519937CBE0062869E /* XXMenuBySwiftDemo */;
			targetProxy = F8F6124919937CBE0062869E /* PBXContainerItemProxy */;
		};
/* End PBXTargetDependency section */

/* Begin PBXVariantGroup section */
		F8F6123F19937CBE0062869E /* Main.storyboard */ = {
			isa = PBXVariantGroup;
			children = (
				F8F6124019937CBE0062869E /* Base */,
			);
			name = Main.storyboard;
			sourceTree = "<group>";
		};
/* End PBXVariantGroup section */

/* Begin XCBuildConfiguration section */
		F8F6125019937CBE0062869E /* Debug */ = {
			isa = XCBuildConfiguration;
			buildSettings = {
				ALWAYS_SEARCH_USER_PATHS = NO;
				CLANG_CXX_LANGUAGE_STANDARD = "gnu++0x";
				CLANG_CXX_LIBRARY = "libc++";
				CLANG_ENABLE_MODULES = YES;
				CLANG_ENABLE_OBJC_ARC = YES;
				CLANG_WARN_BOOL_CONVERSION = YES;
				CLANG_WARN_CONSTANT_CONVERSION = YES;
				CLANG_WARN_DIRECT_OBJC_ISA_USAGE = YES_ERROR;
				CLANG_WARN_EMPTY_BODY = YES;
				CLANG_WARN_ENUM_CONVERSION = YES;
				CLANG_WARN_INT_CONVERSION = YES;
				CLANG_WARN_OBJC_ROOT_CLASS = YES_ERROR;
				CLANG_WARN_UNREACHABLE_CODE = YES;
				CLANG_WARN__DUPLICATE_METHOD_MATCH = YES;
				"CODE_SIGN_IDENTITY[sdk=iphoneos*]" = "iPhone Developer";
				COPY_PHASE_STRIP = NO;
				ENABLE_STRICT_OBJC_MSGSEND = YES;
				GCC_C_LANGUAGE_STANDARD = gnu99;
				GCC_DYNAMIC_NO_PIC = NO;
				GCC_OPTIMIZATION_LEVEL = 0;
				GCC_PREPROCESSOR_DEFINITIONS = (
					"DEBUG=1",
					"$(inherited)",
				);
				GCC_SYMBOLS_PRIVATE_EXTERN = NO;
				GCC_WARN_64_TO_32_BIT_CONVERSION = YES;
				GCC_WARN_ABOUT_RETURN_TYPE = YES_ERROR;
				GCC_WARN_UNDECLARED_SELECTOR = YES;
				GCC_WARN_UNINITIALIZED_AUTOS = YES_AGGRESSIVE;
				GCC_WARN_UNUSED_FUNCTION = YES;
				GCC_WARN_UNUSED_VARIABLE = YES;
				IPHONEOS_DEPLOYMENT_TARGET = 8.0;
				MTL_ENABLE_DEBUG_INFO = YES;
				ONLY_ACTIVE_ARCH = YES;
				SDKROOT = iphoneos;
				SWIFT_OPTIMIZATION_LEVEL = "-Onone";
			};
			name = Debug;
		};
		F8F6125119937CBE0062869E /* Release */ = {
			isa = XCBuildConfiguration;
			buildSettings = {
				ALWAYS_SEARCH_USER_PATHS = NO;
				CLANG_CXX_LANGUAGE_STANDARD = "gnu++0x";
				CLANG_CXX_LIBRARY = "libc++";
				CLANG_ENABLE_MODULES = YES;
				CLANG_ENABLE_OBJC_ARC = YES;
				CLANG_WARN_BOOL_CONVERSION = YES;
				CLANG_WARN_CONSTANT_CONVERSION = YES;
				CLANG_WARN_DIRECT_OBJC_ISA_USAGE = YES_ERROR;
				CLANG_WARN_EMPTY_BODY = YES;
				CLANG_WARN_ENUM_CONVERSION = YES;
				CLANG_WARN_INT_CONVERSION = YES;
				CLANG_WARN_OBJC_ROOT_CLASS = YES_ERROR;
				CLANG_WARN_UNREACHABLE_CODE = YES;
				CLANG_WARN__DUPLICATE_METHOD_MATCH = YES;
				"CODE_SIGN_IDENTITY[sdk=iphoneos*]" = "iPhone Developer";
				COPY_PHASE_STRIP = YES;
				ENABLE_NS_ASSERTIONS = NO;
				ENABLE_STRICT_OBJC_MSGSEND = YES;
				GCC_C_LANGUAGE_STANDARD = gnu99;
				GCC_WARN_64_TO_32_BIT_CONVERSION = YES;
				GCC_WARN_ABOUT_RETURN_TYPE = YES_ERROR;
				GCC_WARN_UNDECLARED_SELECTOR = YES;
				GCC_WARN_UNINITIALIZED_AUTOS = YES_AGGRESSIVE;
				GCC_WARN_UNUSED_FUNCTION = YES;
				GCC_WARN_UNUSED_VARIABLE = YES;
				IPHONEOS_DEPLOYMENT_TARGET = 8.0;
				MTL_ENABLE_DEBUG_INFO = NO;
				SDKROOT = iphoneos;
				VALIDATE_PRODUCT = YES;
			};
			name = Release;
		};
		F8F6125319937CBE0062869E /* Debug */ = {
			isa = XCBuildConfiguration;
			buildSettings = {
				ASSETCATALOG_COMPILER_APPICON_NAME = AppIcon;
				ASSETCATALOG_COMPILER_LAUNCHIMAGE_NAME = LaunchImage;
				INFOPLIST_FILE = XXMenuBySwiftDemo/Info.plist;
				IPHONEOS_DEPLOYMENT_TARGET = 7.1;
				LD_RUNPATH_SEARCH_PATHS = "$(inherited) @executable_path/Frameworks";
				PRODUCT_NAME = "$(TARGET_NAME)";
			};
			name = Debug;
		};
		F8F6125419937CBE0062869E /* Release */ = {
			isa = XCBuildConfiguration;
			buildSettings = {
				ASSETCATALOG_COMPILER_APPICON_NAME = AppIcon;
				ASSETCATALOG_COMPILER_LAUNCHIMAGE_NAME = LaunchImage;
				INFOPLIST_FILE = XXMenuBySwiftDemo/Info.plist;
				IPHONEOS_DEPLOYMENT_TARGET = 7.1;
				LD_RUNPATH_SEARCH_PATHS = "$(inherited) @executable_path/Frameworks";
				PRODUCT_NAME = "$(TARGET_NAME)";
			};
			name = Release;
		};
		F8F6125619937CBE0062869E /* Debug */ = {
			isa = XCBuildConfiguration;
			buildSettings = {
				BUNDLE_LOADER = "$(TEST_HOST)";
				FRAMEWORK_SEARCH_PATHS = (
					"$(SDKROOT)/Developer/Library/Frameworks",
					"$(inherited)",
				);
				GCC_PREPROCESSOR_DEFINITIONS = (
					"DEBUG=1",
					"$(inherited)",
				);
				INFOPLIST_FILE = XXMenuBySwiftDemoTests/Info.plist;
				LD_RUNPATH_SEARCH_PATHS = "$(inherited) @executable_path/Frameworks @loader_path/Frameworks";
				PRODUCT_NAME = "$(TARGET_NAME)";
				TEST_HOST = "$(BUILT_PRODUCTS_DIR)/XXMenuBySwiftDemo.app/XXMenuBySwiftDemo";
			};
			name = Debug;
		};
		F8F6125719937CBE0062869E /* Release */ = {
			isa = XCBuildConfiguration;
			buildSettings = {
				BUNDLE_LOADER = "$(TEST_HOST)";
				FRAMEWORK_SEARCH_PATHS = (
					"$(SDKROOT)/Developer/Library/Frameworks",
					"$(inherited)",
				);
				INFOPLIST_FILE = XXMenuBySwiftDemoTests/Info.plist;
				LD_RUNPATH_SEARCH_PATHS = "$(inherited) @executable_path/Frameworks @loader_path/Frameworks";
				PRODUCT_NAME = "$(TARGET_NAME)";
				TEST_HOST = "$(BUILT_PRODUCTS_DIR)/XXMenuBySwiftDemo.app/XXMenuBySwiftDemo";
			};
			name = Release;
		};
/* End XCBuildConfiguration section */

/* Begin XCConfigurationList section */
		F8F6123119937CBD0062869E /* Build configuration list for PBXProject "XXMenuBySwiftDemo" */ = {
			isa = XCConfigurationList;
			buildConfigurations = (
				F8F6125019937CBE0062869E /* Debug */,
				F8F6125119937CBE0062869E /* Release */,
			);
			defaultConfigurationIsVisible = 0;
			defaultConfigurationName = Release;
		};
		F8F6125219937CBE0062869E /* Build configuration list for PBXNativeTarget "XXMenuBySwiftDemo" */ = {
			isa = XCConfigurationList;
			buildConfigurations = (
				F8F6125319937CBE0062869E /* Debug */,
				F8F6125419937CBE0062869E /* Release */,
			);
			defaultConfigurationIsVisible = 0;
			defaultConfigurationName = Release;
		};
		F8F6125519937CBE0062869E /* Build configuration list for PBXNativeTarget "XXMenuBySwiftDemoTests" */ = {
			isa = XCConfigurationList;
			buildConfigurations = (
				F8F6125619937CBE0062869E /* Debug */,
				F8F6125719937CBE0062869E /* Release */,
			);
			defaultConfigurationIsVisible = 0;
			defaultConfigurationName = Release;
		};
/* End XCConfigurationList section */
	};
	rootObject = F8F6122E19937CBD0062869E /* Project object */;
}
